Microsoft Visual Studio Solution File, Format Version 12.00
# Visual Studio Version 17
VisualStudioVersion = 17.9.34723.18
MinimumVisualStudioVersion = 10.0.40219.1
Project("{9A19103F-16F7-4668-BE54-9A1E7A4F7556}") = "StudentChat.Server", "StudentChat.Server\StudentChat.Server.csproj", "{159B0089-7F22-4A13-8FAA-E72ED97F1D6B}"
EndProject
Project("{9A19103F-16F7-4668-BE54-9A1E7A4F7556}") = "LibStudentChat", "LibStudentChat\LibStudentChat.csproj", "{085E651F-1551-4918-BEF6-A46E170305C6}"
EndProject
Project("{9A19103F-16F7-4668-BE54-9A1E7A4F7556}") = "WpfStudentChat", "WpfStudentChat\WpfStudentChat.csproj", "{BDAB0E04-912E-4898-B180-59CC7BD76280}"
EndProject
Project("{9A19103F-16F7-4668-BE54-9A1E7A4F7556}") = "TestConsole", "TestConsole\TestConsole.csproj", "{E1092440-C23C-4655-9FAA-A55BCFE19DD0}"
EndProject
Global
	GlobalSection(SolutionConfigurationPlatforms) = preSolution
		Debug|Any CPU = Debug|Any CPU
		Release|Any CPU = Release|Any CPU
	EndGlobalSection
	GlobalSection(ProjectConfigurationPlatforms) = postSolution
		{159B0089-7F22-4A13-8FAA-E72ED97F1D6B}.Debug|Any CPU.ActiveCfg = Debug|Any CPU
		{159B0089-7F22-4A13-8FAA-E72ED97F1D6B}.Debug|Any CPU.Build.0 = Debug|Any CPU
		{159B0089-7F22-4A13-8FAA-E72ED97F1D6B}.Release|Any CPU.ActiveCfg = Release|Any CPU
		{159B0089-7F22-4A13-8FAA-E72ED97F1D6B}.Release|Any CPU.Build.0 = Release|Any CPU
		{085E651F-1551-4918-BEF6-A46E170305C6}.Debug|Any CPU.ActiveCfg = Debug|Any CPU
		{085E651F-1551-4918-BEF6-A46E170305C6}.Debug|Any CPU.Build.0 = Debug|Any CPU
		{085E651F-1551-4918-BEF6-A46E170305C6}.Release|Any CPU.ActiveCfg = Release|Any CPU
		{085E651F-1551-4918-BEF6-A46E170305C6}.Release|Any CPU.Build.0 = Release|Any CPU
		{BDAB0E04-912E-4898-B180-59CC7BD76280}.Debug|Any CPU.ActiveCfg = Debug|Any CPU
		{BDAB0E04-912E-4898-B180-59CC7BD76280}.Debug|Any CPU.Build.0 = Debug|Any CPU
		{BDAB0E04-912E-4898-B180-59CC7BD76280}.Release|Any CPU.ActiveCfg = Release|Any CPU
		{BDAB0E04-912E-4898-B180-59CC7BD76280}.Release|Any CPU.Build.0 = Release|Any CPU
		{E1092440-C23C-4655-9FAA-A55BCFE19DD0}.Debug|Any CPU.ActiveCfg = Debug|Any CPU
		{E1092440-C23C-4655-9FAA-A55BCFE19DD0}.Debug|Any CPU.Build.0 = Debug|Any CPU
		{E1092440-C23C-4655-9FAA-A55BCFE19DD0}.Release|Any CPU.ActiveCfg = Release|Any CPU
		{E1092440-C23C-4655-9FAA-A55BCFE19DD0}.Release|Any CPU.Build.0 = Release|Any CPU
	EndGlobalSection
	GlobalSection(SolutionProperties) = preSolution
		HideSolutionNode = FALSE
	EndGlobalSection
	GlobalSection(ExtensibilityGlobals) = postSolution
		SolutionGuid = {A1817045-24B7-4FB1-81EC-E66A3B848B48}
	EndGlobalSection
EndGlobal
= Debug|Any CPU
		{B250BAE5-E63E-4365-959B-61184F319C0F}.Debug|Any CPU.Build.0 = Debug|Any CPU
		{B250BAE5-E63E-4365-959B-61184F319C0F}.Release|Any CPU.ActiveCfg = Release|Any CPU
		{B250BAE5-E63E-4365-959B-61184F319C0F}.Release|Any CPU.Build.0 = Release|Any CPU
	EndGlobalSection
	GlobalSection(SolutionProperties) = preSolution
		HideSolutionNode = FALSE
	EndGlobalSection
	GlobalSection(ExtensibilityGlobals) = postSolution
		SolutionGuid = {A1817045-24B7-4FB1-81EC-E66A3B848B48}
	EndGlobalSection
EndGlobal
